
Microsoft Visual Studio Solution File, Format Version 12.00
# Visual Studio Version 17
VisualStudioVersion = 17.0.31903.59
MinimumVisualStudioVersion = 10.0.40219.1
Project("{FAE04EC0-301F-11D3-BF4B-00C04F79EFBC}") = "MainApp", "MainApp\MainApp.csproj", "{2A562AA3-CFA0-42B0-B791-6CE9D4F5AF16}"
EndProject
Project("{FAE04EC0-301F-11D3-BF4B-00C04F79EFBC}") = "Infrastructure", "Infrastructure\Infrastructure.csproj", "{C6D60AB9-F407-4462-AEF0-D19A37FCE249}"
EndProject
Project("{FAE04EC0-301F-11D3-BF4B-00C04F79EFBC}") = "Domain", "Domain\Domain.csproj", "{BC1A0DE9-7CBD-4E90-98ED-99445DE5BB85}"
EndProject
Global
	GlobalSection(SolutionConfigurationPlatforms) = preSolution
		Debug|Any CPU = Debug|Any CPU
		Release|Any CPU = Release|Any CPU
	EndGlobalSection
	GlobalSection(SolutionProperties) = preSolution
		HideSolutionNode = FALSE
	EndGlobalSection
	GlobalSection(ProjectConfigurationPlatforms) = postSolution
		{2A562AA3-CFA0-42B0-B791-6CE9D4F5AF16}.Debug|Any CPU.ActiveCfg = Debug|Any CPU
		{2A562AA3-CFA0-42B0-B791-6CE9D4F5AF16}.Debug|Any CPU.Build.0 = Debug|Any CPU
		{2A562AA3-CFA0-42B0-B791-6CE9D4F5AF16}.Release|Any CPU.ActiveCfg = Release|Any CPU
		{2A562AA3-CFA0-42B0-B791-6CE9D4F5AF16}.Release|Any CPU.Build.0 = Release|Any CPU
		{C6D60AB9-F407-4462-AEF0-D19A37FCE249}.Debug|Any CPU.ActiveCfg = Debug|Any CPU
		{C6D60AB9-F407-4462-AEF0-D19A37FCE249}.Debug|Any CPU.Build.0 = Debug|Any CPU
		{C6D60AB9-F407-4462-AEF0-D19A37FCE249}.Release|Any CPU.ActiveCfg = Release|Any CPU
		{C6D60AB9-F407-4462-AEF0-D19A37FCE249}.Release|Any CPU.Build.0 = Release|Any CPU
		{BC1A0DE9-7CBD-4E90-98ED-99445DE5BB85}.Debug|Any CPU.ActiveCfg = Debug|Any CPU
		{BC1A0DE9-7CBD-4E90-98ED-99445DE5BB85}.Debug|Any CPU.Build.0 = Debug|Any CPU
		{BC1A0DE9-7CBD-4E90-98ED-99445DE5BB85}.Release|Any CPU.ActiveCfg = Release|Any CPU
		{BC1A0DE9-7CBD-4E90-98ED-99445DE5BB85}.Release|Any CPU.Build.0 = Release|Any CPU
	EndGlobalSection
EndGlobal
